<?xml version="1.0" encoding="utf-8"?>
<Project ToolsVersion="4.0" xmlns="http://schemas.microsoft.com/developer/msbuild/2003">
  <ItemGroup>
    <Filter Include="Source Files">
      <UniqueIdentifier>{4FC737F1-C7A5-4376-A066-2A32D752A2FF}</UniqueIdentifier>
      <Extensions>cpp;c;cxx;def;odl;idl;hpj;bat;asm;asmx</Extensions>
    </Filter>
    <Filter Include="Header Files">
      <UniqueIdentifier>{93995380-89BD-4b04-88EB-625FBE52EBFB}</UniqueIdentifier>
      <Extensions>h;hpp;hxx;hm;inl;inc;xsd</Extensions>
    </Filter>
    <Filter Include="Resource Files">
      <UniqueIdentifier>{67DA6AB6-F800-4c08-8B7A-83BB121AAD01}</UniqueIdentifier>
      <Extensions>rc;ico;cur;bmp;dlg;rc2;rct;bin;rgs;gif;jpg;jpeg;jpe;resx</Extensions>
    </Filter>
  </ItemGroup>
  <ItemGroup>
    <ClCompile Include="ABuffer.cpp">
      <Filter>Source Files</Filter>
    </ClCompile>
    <ClCompile Include="ACode.cpp">
      <Filter>Source Files</Filter>
    </ClCompile>
    <ClCompile Include="AComponent.cpp">
      <Filter>Source Files</Filter>
    </ClCompile>
    <ClCompile Include="ADict.cpp">
      <Filter>Source Files</Filter>
    </ClCompile>
    <ClCompile Include="AGram.cpp">
      <Filter>Source Files</Filter>
    </ClCompile>
    <ClCompile Include="AHmms.cpp">
      <Filter>Source Files</Filter>
    </ClCompile>
    <ClCompile Include="AHTK.cpp">
      <Filter>Source Files</Filter>
    </ClCompile>
    <ClCompile Include="AIO.cpp">
      <Filter>Source Files</Filter>
    </ClCompile>
    <ClCompile Include="ALog.cpp">
      <Filter>Source Files</Filter>
    </ClCompile>
    <ClCompile Include="AMonitor.cpp">
      <Filter>Source Files</Filter>
    </ClCompile>
    <ClCompile Include="ANGram.cpp">
      <Filter>Source Files</Filter>
    </ClCompile>
    <ClCompile Include="APacket.cpp">
      <Filter>Source Files</Filter>
    </ClCompile>
    <ClCompile Include="ARec.cpp">
      <Filter>Source Files</Filter>
    </ClCompile>
    <ClCompile Include="AResource.cpp">
      <Filter>Source Files</Filter>
    </ClCompile>
    <ClCompile Include="ARMan.cpp">
      <Filter>Source Files</Filter>
    </ClCompile>
    <ClCompile Include="ASource.cpp">
      <Filter>Source Files</Filter>
    </ClCompile>
    <ClCompile Include="ASplash.cpp">
      <Filter>Source Files</Filter>
    </ClCompile>
    <ClCompile Include="ASyn.cpp">
      <Filter>Source Files</Filter>
    </ClCompile>
    <ClCompile Include="ATee.cpp">
      <Filter>Source Files</Filter>
    </ClCompile>
  </ItemGroup>
  <ItemGroup>
    <ClInclude Include="ABuffer.h">
      <Filter>Header Files</Filter>
    </ClInclude>
    <ClInclude Include="ACode.h">
      <Filter>Header Files</Filter>
    </ClInclude>
    <ClInclude Include="AComponent.h">
      <Filter>Header Files</Filter>
    </ClInclude>
    <ClInclude Include="ADict.h">
      <Filter>Header Files</Filter>
    </ClInclude>
    <ClInclude Include="AGram.h">
      <Filter>Header Files</Filter>
    </ClInclude>
    <ClInclude Include="AHmms.h">
      <Filter>Header Files</Filter>
    </ClInclude>
    <ClInclude Include="AHTK.h">
      <Filter>Header Files</Filter>
    </ClInclude>
    <ClInclude Include="AIO.h">
      <Filter>Header Files</Filter>
    </ClInclude>
    <ClInclude Include="ALog.h">
      <Filter>Header Files</Filter>
    </ClInclude>
    <ClInclude Include="AMonitor.h">
      <Filter>Header Files</Filter>
    </ClInclude>
    <ClInclude Include="ANGram.h">
      <Filter>Header Files</Filter>
    </ClInclude>
    <ClInclude Include="APacket.h">
      <Filter>Header Files</Filter>
    </ClInclude>
    <ClInclude Include="ARec.h">
      <Filter>Header Files</Filter>
    </ClInclude>
    <ClInclude Include="AResource.h">
      <Filter>Header Files</Filter>
    </ClInclude>
    <ClInclude Include="ARMan.h">
      <Filter>Header Files</Filter>
    </ClInclude>
    <ClInclude Include="ASource.h">
      <Filter>Header Files</Filter>
    </ClInclude>
    <ClInclude Include="ASplash.h">
      <Filter>Header Files</Filter>
    </ClInclude>
    <ClInclude Include="ASyn.h">
      <Filter>Header Files</Filter>
    </ClInclude>
    <ClInclude Include="ATee.h">
      <Filter>Header Files</Filter>
    </ClInclude>
  </ItemGroup>
  <ItemGroup>
    <None Include="Readme.txt" />
  </ItemGroup>
</Project>